
Microsoft Visual Studio Solution File, Format Version 12.00
# Visual Studio Version 17
VisualStudioVersion = 17.14.36202.13 d17.14
MinimumVisualStudioVersion = 10.0.40219.1
Project("{FAE04EC0-301F-11D3-BF4B-00C04F79EFBC}") = "QUAN_LY_CUA_HANG_CAFE1", "QUAN_LY_CUA_HANG_CAFE1\QUAN_LY_CUA_HANG_CAFE1.csproj", "{1034B539-6537-4F4A-870D-AC1B61BE2362}"
EndProject
Global
	GlobalSection(SolutionConfigurationPlatforms) = preSolution
		Debug|Any CPU = Debug|Any CPU
		Release|Any CPU = Release|Any CPU
	EndGlobalSection
	GlobalSection(ProjectConfigurationPlatforms) = postSolution
		{1034B539-6537-4F4A-870D-AC1B61BE2362}.Debug|Any CPU.ActiveCfg = Debug|Any CPU
		{1034B539-6537-4F4A-870D-AC1B61BE2362}.Debug|Any CPU.Build.0 = Debug|Any CPU
		{1034B539-6537-4F4A-870D-AC1B61BE2362}.Release|Any CPU.ActiveCfg = Release|Any CPU
		{1034B539-6537-4F4A-870D-AC1B61BE2362}.Release|Any CPU.Build.0 = Release|Any CPU
	EndGlobalSection
	GlobalSection(SolutionProperties) = preSolution
		HideSolutionNode = FALSE
	EndGlobalSection
	GlobalSection(ExtensibilityGlobals) = postSolution
		SolutionGuid = {E7618C49-8E7C-44EA-8160-18AAEBA8DFCA}
	EndGlobalSection
EndGlobal
